
Microsoft Visual Studio Solution File, Format Version 12.00
# Visual Studio Version 17
VisualStudioVersion = 17.3.32922.545
MinimumVisualStudioVersion = 10.0.40219.1
Project("{FAE04EC0-301F-11D3-BF4B-00C04F79EFBC}") = "StripePOCIntegration", "StripePOCIntegration\StripePOCIntegration.csproj", "{32092B2E-D050-4047-90CA-CD2AEBD3766F}"
EndProject
Global
	GlobalSection(SolutionConfigurationPlatforms) = preSolution
		Debug|Any CPU = Debug|Any CPU
		Release|Any CPU = Release|Any CPU
	EndGlobalSection
	GlobalSection(ProjectConfigurationPlatforms) = postSolution
		{32092B2E-D050-4047-90CA-CD2AEBD3766F}.Debug|Any CPU.ActiveCfg = Debug|Any CPU
		{32092B2E-D050-4047-90CA-CD2AEBD3766F}.Debug|Any CPU.Build.0 = Debug|Any CPU
		{32092B2E-D050-4047-90CA-CD2AEBD3766F}.Release|Any CPU.ActiveCfg = Release|Any CPU
		{32092B2E-D050-4047-90CA-CD2AEBD3766F}.Release|Any CPU.Build.0 = Release|Any CPU
	EndGlobalSection
	GlobalSection(SolutionProperties) = preSolution
		HideSolutionNode = FALSE
	EndGlobalSection
	GlobalSection(ExtensibilityGlobals) = postSolution
		SolutionGuid = {86260306-DB89-46C7-92FA-6142AEAE63C6}
	EndGlobalSection
EndGlobal
